
Microsoft Visual Studio Solution File, Format Version 12.00
# Visual Studio Version 17
VisualStudioVersion = 17.8.34330.188
MinimumVisualStudioVersion = 10.0.40219.1
Project("{9A19103F-16F7-4668-BE54-9A1E7A4F7556}") = "LawForm", "LawForm.csproj", "{7ADCE16B-C11B-4EF7-886A-0BD6702DC021}"
EndProject
Global
	GlobalSection(SolutionConfigurationPlatforms) = preSolution
		Debug|Any CPU = Debug|Any CPU
		Release|Any CPU = Release|Any CPU
	EndGlobalSection
	GlobalSection(ProjectConfigurationPlatforms) = postSolution
		{7ADCE16B-C11B-4EF7-886A-0BD6702DC021}.Debug|Any CPU.ActiveCfg = Debug|Any CPU
		{7ADCE16B-C11B-4EF7-886A-0BD6702DC021}.Debug|Any CPU.Build.0 = Debug|Any CPU
		{7ADCE16B-C11B-4EF7-886A-0BD6702DC021}.Release|Any CPU.ActiveCfg = Release|Any CPU
		{7ADCE16B-C11B-4EF7-886A-0BD6702DC021}.Release|Any CPU.Build.0 = Release|Any CPU
	EndGlobalSection
	GlobalSection(SolutionProperties) = preSolution
		HideSolutionNode = FALSE
	EndGlobalSection
	GlobalSection(ExtensibilityGlobals) = postSolution
		SolutionGuid = {C74F38DF-D4EC-492E-9728-D967AB01F682}
	EndGlobalSection
EndGlobal
